
Microsoft Visual Studio Solution File, Format Version 12.00
# Visual Studio Version 17
VisualStudioVersion = 17.3.32922.545
MinimumVisualStudioVersion = 10.0.40219.1
Project("{FAE04EC0-301F-11D3-BF4B-00C04F79EFBC}") = "WinFormsApp1", "WinFormsApp1\WinFormsApp1.csproj", "{05B152CF-C47D-4D98-BB3C-6C5F9C98C30A}"
EndProject
Global
	GlobalSection(SolutionConfigurationPlatforms) = preSolution
		Debug|Any CPU = Debug|Any CPU
		Release|Any CPU = Release|Any CPU
	EndGlobalSection
	GlobalSection(ProjectConfigurationPlatforms) = postSolution
		{05B152CF-C47D-4D98-BB3C-6C5F9C98C30A}.Debug|Any CPU.ActiveCfg = Debug|Any CPU
		{05B152CF-C47D-4D98-BB3C-6C5F9C98C30A}.Debug|Any CPU.Build.0 = Debug|Any CPU
		{05B152CF-C47D-4D98-BB3C-6C5F9C98C30A}.Release|Any CPU.ActiveCfg = Release|Any CPU
		{05B152CF-C47D-4D98-BB3C-6C5F9C98C30A}.Release|Any CPU.Build.0 = Release|Any CPU
	EndGlobalSection
	GlobalSection(SolutionProperties) = preSolution
		HideSolutionNode = FALSE
	EndGlobalSection
	GlobalSection(ExtensibilityGlobals) = postSolution
		SolutionGuid = {DD9CFA90-11BD-4A49-A8CA-3CBEBC5D0384}
	EndGlobalSection
EndGlobal
